// !$*UTF8*$!
{
	archiveVersion = 1;
	classes = {
	};
	objectVersion = 77;
	objects = {

/* Begin PBXBuildFile section */
		AA1B2C3D4E5F6789ABCD0003 /* AskMacUITests.swift in Sources */ = {isa = PBXBuildFile; fileRef = AA1B2C3D4E5F6789ABCD0002 /* AskMacUITests.swift */; };
		AA1B2C3D4E5F6789ABCD0005 /* MacUITestingSupport.swift in Sources */ = {isa = PBXBuildFile; fileRef = AA1B2C3D4E5F6789ABCD0004 /* MacUITestingSupport.swift */; };
		0675DD58EE11FCC5FB9C0FE9 /* MCPConnection.swift in Sources */ = {isa = PBXBuildFile; fileRef = 0D62BC3ACCF548A6926C83A4 /* MCPConnection.swift */; };
		0D696DD556936DCEC1997BEB /* TerminalMonitorServiceTests.swift in Sources */ = {isa = PBXBuildFile; fileRef = 3F05D2937205C7D5DED51EEA /* TerminalMonitorServiceTests.swift */; };
		2A8C999FCCA1DDA22786079F /* BlockService.swift in Sources */ = {isa = PBXBuildFile; fileRef = 944903959A55B26822A4701D /* BlockService.swift */; };
		2DDF70E89F94833C7837389B /* KeychainService.swift in Sources */ = {isa = PBXBuildFile; fileRef = 504764CE87B4791BDD3ABFD8 /* KeychainService.swift */; };
		318C46CF42445B388B5E6739 /* libAskMacCore.a in Frameworks */ = {isa = PBXBuildFile; fileRef = 52C75A2FE8B8444D42AF146A /* libAskMacCore.a */; };
		CC000006CATALOG00ENTRY000 /* CatalogEntry.swift in Sources */ = {isa = PBXBuildFile; fileRef = AA000001CATALOG00ENTRY000 /* CatalogEntry.swift */; };
		CC000007INSTALLED0SCRIPT0 /* InstalledScript.swift in Sources */ = {isa = PBXBuildFile; fileRef = AA000002INSTALLED0SCRIPT0 /* InstalledScript.swift */; };
		CC000008CATALOG0SERVICE00 /* ScriptCatalogService.swift in Sources */ = {isa = PBXBuildFile; fileRef = 3D24A318DEBECC653846BFA7 /* ScriptCatalogService.swift */; };
		CC000009TERMINAL0MONITOR0 /* TerminalMonitorService.swift in Sources */ = {isa = PBXBuildFile; fileRef = CFD416A6077DEA3848608AB1 /* TerminalMonitorService.swift */; };
		CC000010VERSION0COMPARE00 /* VersionComparison.swift in Sources */ = {isa = PBXBuildFile; fileRef = 3F2A338EFC99F8D874DB40EE /* VersionComparison.swift */; };
		337B871BCC56D6AD61869B87 /* MenuBarView.swift in Sources */ = {isa = PBXBuildFile; fileRef = 2E4D0C6DDB6891CB03EA9572 /* MenuBarView.swift */; };
		3654DDECAB92F2C7B7678F90 /* AskMacApp.swift in Sources */ = {isa = PBXBuildFile; fileRef = F70F6904917CF419EF961332 /* AskMacApp.swift */; };
		44001CADDFE8D87EC9DC698D /* MessageWatcherService.swift in Sources */ = {isa = PBXBuildFile; fileRef = 834313B9757B652D0DB8E349 /* MessageWatcherService.swift */; };
		4FC5952095062C336D1CA67F /* Assets.xcassets in Resources */ = {isa = PBXBuildFile; fileRef = 468C8037AACD02ADA46B757B /* Assets.xcassets */; };
		58854C8E2F0F81A7D7A40B80 /* BlockPreviewViews.swift in Sources */ = {isa = PBXBuildFile; fileRef = 406DAAC6415E06CCCF55B8BB /* BlockPreviewViews.swift */; };
		5ECA9EF4288A77DE66393903 /* ActionHistoryService.swift in Sources */ = {isa = PBXBuildFile; fileRef = 83069E78F01A6ACCC68DA445 /* ActionHistoryService.swift */; };
		68ECD65ACEAFD3360C586C86 /* FeedScheduler.swift in Sources */ = {isa = PBXBuildFile; fileRef = FE84811356D534B4D8E86AB8 /* FeedScheduler.swift */; };
		6F24BAB0E82A7694C50B439F /* HistoryView.swift in Sources */ = {isa = PBXBuildFile; fileRef = 6FBA2522655384EA7091AA8C /* HistoryView.swift */; };
		6FF5F3CD40995F704A970F21 /* HeartbeatService.swift in Sources */ = {isa = PBXBuildFile; fileRef = B65A981DB44C661C02FF9312 /* HeartbeatService.swift */; };
		7A4B52614E8031E1D2E8710F /* ResponsePoller.swift in Sources */ = {isa = PBXBuildFile; fileRef = 4067387D7D1B4F65BAB0B74F /* ResponsePoller.swift */; };
		8B9F7C8632ECBE36C84A369E /* ScriptManager.swift in Sources */ = {isa = PBXBuildFile; fileRef = CA1CC49C770BDCD1EB75B351 /* ScriptManager.swift */; };
		8FE46F69A0823A2188C24DB4 /* ScriptManagerFilteringTests.swift in Sources */ = {isa = PBXBuildFile; fileRef = 3A9E4EFAF553CA1CD22DA58A /* ScriptManagerFilteringTests.swift */; };
		9A384768FE320AC25F231F48 /* MacMessagesView.swift in Sources */ = {isa = PBXBuildFile; fileRef = B82E4BC0B8C01489502831A9 /* MacMessagesView.swift */; };
		A302F5F593A0983FFEE135A9 /* SettingsView.swift in Sources */ = {isa = PBXBuildFile; fileRef = 28BCC8842C2E63700381890C /* SettingsView.swift */; };
		A3A4405290AAE7B21855BEE9 /* VersionComparison.swift in Sources */ = {isa = PBXBuildFile; fileRef = 3F2A338EFC99F8D874DB40EE /* VersionComparison.swift */; };
		AFA75A68E946CD8E2CAE7BBE /* libAskMacCore.a in Frameworks */ = {isa = PBXBuildFile; fileRef = 52C75A2FE8B8444D42AF146A /* libAskMacCore.a */; };
		B5760E42FDC4626B6A2AD8D9 /* CloudKitService.swift in Sources */ = {isa = PBXBuildFile; fileRef = 42EC5BBB34D453B2F332AF00 /* CloudKitService.swift */; };
		BAE4E67E06F337A2A3722087 /* TerminalMonitorService.swift in Sources */ = {isa = PBXBuildFile; fileRef = CFD416A6077DEA3848608AB1 /* TerminalMonitorService.swift */; };
		BB000001CATALOG0SERVICE00 /* ScriptCatalogService.swift in Sources */ = {isa = PBXBuildFile; fileRef = 3D24A318DEBECC653846BFA7 /* ScriptCatalogService.swift */; };
		BB000002VERSION0COMPARE00 /* VersionComparison.swift in Sources */ = {isa = PBXBuildFile; fileRef = 3F2A338EFC99F8D874DB40EE /* VersionComparison.swift */; };
		BB000003CATALOG0ENTRY0000 /* CatalogEntry.swift in Sources */ = {isa = PBXBuildFile; fileRef = AA000001CATALOG00ENTRY000 /* CatalogEntry.swift */; };
		BB000004INSTALLED0SCRIPT0 /* InstalledScript.swift in Sources */ = {isa = PBXBuildFile; fileRef = AA000002INSTALLED0SCRIPT0 /* InstalledScript.swift */; };
		BF0B435F00BDDA9C64E86B06 /* TooltipSupport.swift in Sources */ = {isa = PBXBuildFile; fileRef = 53C1EA5DC0ECBB374F1FCF5B /* TooltipSupport.swift */; };
		C2FCC42025E190C3F0BA4152 /* SystemScriptConnection.swift in Sources */ = {isa = PBXBuildFile; fileRef = F3012DFF4EC7CA529C10E374 /* SystemScriptConnection.swift */; };
		C4A094A8937C7FDEF0021ADC /* CloudKitSchema.swift in Sources */ = {isa = PBXBuildFile; fileRef = 70A72093BE81EDF980E0B65F /* CloudKitSchema.swift */; };
		C99AE720C0F4BDEEC032237B /* VersionComparisonTests.swift in Sources */ = {isa = PBXBuildFile; fileRef = FBB97B6BC873D01755AE3B01 /* VersionComparisonTests.swift */; };
		CB275270E3CF93DD24F84506 /* AppUpdater.swift in Sources */ = {isa = PBXBuildFile; fileRef = E8A9A572F12084AD9797F8B1 /* AppUpdater.swift */; };
		D0C0EC092421E3FE9F41EB89 /* AppSettings.swift in Sources */ = {isa = PBXBuildFile; fileRef = CA7C37B37BDE67ED30528117 /* AppSettings.swift */; };
		D867C4A0F3AC8C6C77C16CC6 /* Sparkle in Frameworks */ = {isa = PBXBuildFile; productRef = C42185CDB89CDF057E91C2A6 /* Sparkle */; };
		DA6EADD0D5A75CED02E56F5C /* ScriptInstaller.swift in Sources */ = {isa = PBXBuildFile; fileRef = DDBAEE7F7B9B1616758FEDE2 /* ScriptInstaller.swift */; };
		EFD8390B0162CA00B1B3144E /* ScriptCatalogServiceTests.swift in Sources */ = {isa = PBXBuildFile; fileRef = 7F0BACCC7986B8E27CD6B9A8 /* ScriptCatalogServiceTests.swift */; };
		F18233C4B5A2ADE4AD502C52 /* ScriptCatalogService.swift in Sources */ = {isa = PBXBuildFile; fileRef = 3D24A318DEBECC653846BFA7 /* ScriptCatalogService.swift */; };
		F47B199A3425DC6C05AC0480 /* ScriptInstallerRollbackTests.swift in Sources */ = {isa = PBXBuildFile; fileRef = EAB5EAD55DFF07DA5ECE953A /* ScriptInstallerRollbackTests.swift */; };
		F4A65B11697EF409F84B5886 /* ScriptUpdateService.swift in Sources */ = {isa = PBXBuildFile; fileRef = 125B8BABE336DAA2EEDBC261 /* ScriptUpdateService.swift */; };
		F6670C71B1ACAA3861CBE8B5 /* BlocksBuilderView.swift in Sources */ = {isa = PBXBuildFile; fileRef = 78ADB28BB3AA3C89FB164C5F /* BlocksBuilderView.swift */; };
/* End PBXBuildFile section */

/* Begin PBXContainerItemProxy section */
		2E13F4F6FED24CBC2519CE9C /* PBXContainerItemProxy */ = {
			isa = PBXContainerItemProxy;
			containerPortal = B36075E18F257B51F15F8871 /* Project object */;
			proxyType = 1;
			remoteGlobalIDString = B5A9CAFDC0F194D4B590DD08;
			remoteInfo = AskMacCore;
		};
		6FE9BDFCF593445A9D06CA1D /* PBXContainerItemProxy */ = {
			isa = PBXContainerItemProxy;
			containerPortal = B36075E18F257B51F15F8871 /* Project object */;
			proxyType = 1;
			remoteGlobalIDString = B5A9CAFDC0F194D4B590DD08;
			remoteInfo = AskMacCore;
		};
		BF0DBE9DFB9C2320F63C4809 /* PBXContainerItemProxy */ = {
			isa = PBXContainerItemProxy;
			containerPortal = B36075E18F257B51F15F8871 /* Project object */;
			proxyType = 1;
			remoteGlobalIDString = E59CE13E0F81B53C77683FB1;
			remoteInfo = AskMac;
		};
		AA1B2C3D4E5F6789ABCD0013 /* PBXContainerItemProxy */ = {
			isa = PBXContainerItemProxy;
			containerPortal = B36075E18F257B51F15F8871 /* Project object */;
			proxyType = 1;
			remoteGlobalIDString = E59CE13E0F81B53C77683FB1;
			remoteInfo = AskMac;
		};
/* End PBXContainerItemProxy section */

/* Begin PBXFileReference section */
		AA1B2C3D4E5F6789ABCD0001 /* AskMacUITests.xctest */ = {isa = PBXFileReference; explicitFileType = wrapper.cfbundle; includeInIndex = 0; path = AskMacUITests.xctest; sourceTree = BUILT_PRODUCTS_DIR; };
		AA1B2C3D4E5F6789ABCD0002 /* AskMacUITests.swift */ = {isa = PBXFileReference; lastKnownFileType = sourcecode.swift; path = AskMacUITests.swift; sourceTree = "<group>"; };
		AA1B2C3D4E5F6789ABCD0004 /* MacUITestingSupport.swift */ = {isa = PBXFileReference; lastKnownFileType = sourcecode.swift; path = MacUITestingSupport.swift; sourceTree = "<group>"; };
		00C7F95F08E74502C870234D /* AskMacTests.xctest */ = {isa = PBXFileReference; explicitFileType = wrapper.cfbundle; includeInIndex = 0; path = AskMacTests.xctest; sourceTree = BUILT_PRODUCTS_DIR; };
		0D62BC3ACCF548A6926C83A4 /* MCPConnection.swift */ = {isa = PBXFileReference; lastKnownFileType = sourcecode.swift; path = MCPConnection.swift; sourceTree = "<group>"; };
		125B8BABE336DAA2EEDBC261 /* ScriptUpdateService.swift */ = {isa = PBXFileReference; lastKnownFileType = sourcecode.swift; path = ScriptUpdateService.swift; sourceTree = "<group>"; };
		28BCC8842C2E63700381890C /* SettingsView.swift */ = {isa = PBXFileReference; lastKnownFileType = sourcecode.swift; path = SettingsView.swift; sourceTree = "<group>"; };
		2E4D0C6DDB6891CB03EA9572 /* MenuBarView.swift */ = {isa = PBXFileReference; lastKnownFileType = sourcecode.swift; path = MenuBarView.swift; sourceTree = "<group>"; };
		3A9E4EFAF553CA1CD22DA58A /* ScriptManagerFilteringTests.swift */ = {isa = PBXFileReference; lastKnownFileType = sourcecode.swift; path = ScriptManagerFilteringTests.swift; sourceTree = "<group>"; };
		3D24A318DEBECC653846BFA7 /* ScriptCatalogService.swift */ = {isa = PBXFileReference; lastKnownFileType = sourcecode.swift; path = ScriptCatalogService.swift; sourceTree = "<group>"; };
		AA000001CATALOG00ENTRY000 /* CatalogEntry.swift */ = {isa = PBXFileReference; lastKnownFileType = sourcecode.swift; path = CatalogEntry.swift; sourceTree = "<group>"; };
		AA000002INSTALLED0SCRIPT0 /* InstalledScript.swift */ = {isa = PBXFileReference; lastKnownFileType = sourcecode.swift; path = InstalledScript.swift; sourceTree = "<group>"; };
		3F05D2937205C7D5DED51EEA /* TerminalMonitorServiceTests.swift */ = {isa = PBXFileReference; lastKnownFileType = sourcecode.swift; path = TerminalMonitorServiceTests.swift; sourceTree = "<group>"; };
		3F2A338EFC99F8D874DB40EE /* VersionComparison.swift */ = {isa = PBXFileReference; lastKnownFileType = sourcecode.swift; path = VersionComparison.swift; sourceTree = "<group>"; };
		4067387D7D1B4F65BAB0B74F /* ResponsePoller.swift */ = {isa = PBXFileReference; lastKnownFileType = sourcecode.swift; path = ResponsePoller.swift; sourceTree = "<group>"; };
		406DAAC6415E06CCCF55B8BB /* BlockPreviewViews.swift */ = {isa = PBXFileReference; lastKnownFileType = sourcecode.swift; path = BlockPreviewViews.swift; sourceTree = "<group>"; };
		42EC5BBB34D453B2F332AF00 /* CloudKitService.swift */ = {isa = PBXFileReference; lastKnownFileType = sourcecode.swift; path = CloudKitService.swift; sourceTree = "<group>"; };
		468C8037AACD02ADA46B757B /* Assets.xcassets */ = {isa = PBXFileReference; lastKnownFileType = folder.assetcatalog; path = Assets.xcassets; sourceTree = "<group>"; };
		504764CE87B4791BDD3ABFD8 /* KeychainService.swift */ = {isa = PBXFileReference; lastKnownFileType = sourcecode.swift; path = KeychainService.swift; sourceTree = "<group>"; };
		52C75A2FE8B8444D42AF146A /* libAskMacCore.a */ = {isa = PBXFileReference; explicitFileType = archive.ar; includeInIndex = 0; path = libAskMacCore.a; sourceTree = BUILT_PRODUCTS_DIR; };
		53C1EA5DC0ECBB374F1FCF5B /* TooltipSupport.swift */ = {isa = PBXFileReference; lastKnownFileType = sourcecode.swift; path = TooltipSupport.swift; sourceTree = "<group>"; };
		6A9CBCABF50128C52895B960 /* AskMac.app */ = {isa = PBXFileReference; explicitFileType = wrapper.application; includeInIndex = 0; path = AskMac.app; sourceTree = BUILT_PRODUCTS_DIR; };
		6FBA2522655384EA7091AA8C /* HistoryView.swift */ = {isa = PBXFileReference; lastKnownFileType = sourcecode.swift; path = HistoryView.swift; sourceTree = "<group>"; };
		70A72093BE81EDF980E0B65F /* CloudKitSchema.swift */ = {isa = PBXFileReference; lastKnownFileType = sourcecode.swift; path = CloudKitSchema.swift; sourceTree = "<group>"; };
		78ADB28BB3AA3C89FB164C5F /* BlocksBuilderView.swift */ = {isa = PBXFileReference; lastKnownFileType = sourcecode.swift; path = BlocksBuilderView.swift; sourceTree = "<group>"; };
		7F0BACCC7986B8E27CD6B9A8 /* ScriptCatalogServiceTests.swift */ = {isa = PBXFileReference; lastKnownFileType = sourcecode.swift; path = ScriptCatalogServiceTests.swift; sourceTree = "<group>"; };
		83069E78F01A6ACCC68DA445 /* ActionHistoryService.swift */ = {isa = PBXFileReference; lastKnownFileType = sourcecode.swift; path = ActionHistoryService.swift; sourceTree = "<group>"; };
		834313B9757B652D0DB8E349 /* MessageWatcherService.swift */ = {isa = PBXFileReference; lastKnownFileType = sourcecode.swift; path = MessageWatcherService.swift; sourceTree = "<group>"; };
		944903959A55B26822A4701D /* BlockService.swift */ = {isa = PBXFileReference; lastKnownFileType = sourcecode.swift; path = BlockService.swift; sourceTree = "<group>"; };
		B65A981DB44C661C02FF9312 /* HeartbeatService.swift */ = {isa = PBXFileReference; lastKnownFileType = sourcecode.swift; path = HeartbeatService.swift; sourceTree = "<group>"; };
		B82E4BC0B8C01489502831A9 /* MacMessagesView.swift */ = {isa = PBXFileReference; lastKnownFileType = sourcecode.swift; path = MacMessagesView.swift; sourceTree = "<group>"; };
		CA1CC49C770BDCD1EB75B351 /* ScriptManager.swift */ = {isa = PBXFileReference; lastKnownFileType = sourcecode.swift; path = ScriptManager.swift; sourceTree = "<group>"; };
		CA7C37B37BDE67ED30528117 /* AppSettings.swift */ = {isa = PBXFileReference; lastKnownFileType = sourcecode.swift; path = AppSettings.swift; sourceTree = "<group>"; };
		CFD416A6077DEA3848608AB1 /* TerminalMonitorService.swift */ = {isa = PBXFileReference; lastKnownFileType = sourcecode.swift; path = TerminalMonitorService.swift; sourceTree = "<group>"; };
		DDBAEE7F7B9B1616758FEDE2 /* ScriptInstaller.swift */ = {isa = PBXFileReference; lastKnownFileType = sourcecode.swift; path = ScriptInstaller.swift; sourceTree = "<group>"; };
		E8A9A572F12084AD9797F8B1 /* AppUpdater.swift */ = {isa = PBXFileReference; lastKnownFileType = sourcecode.swift; path = AppUpdater.swift; sourceTree = "<group>"; };
		EAB5EAD55DFF07DA5ECE953A /* ScriptInstallerRollbackTests.swift */ = {isa = PBXFileReference; lastKnownFileType = sourcecode.swift; path = ScriptInstallerRollbackTests.swift; sourceTree = "<group>"; };
		F3012DFF4EC7CA529C10E374 /* SystemScriptConnection.swift */ = {isa = PBXFileReference; lastKnownFileType = sourcecode.swift; path = SystemScriptConnection.swift; sourceTree = "<group>"; };
		F70F6904917CF419EF961332 /* AskMacApp.swift */ = {isa = PBXFileReference; lastKnownFileType = sourcecode.swift; path = AskMacApp.swift; sourceTree = "<group>"; };
		FBB97B6BC873D01755AE3B01 /* VersionComparisonTests.swift */ = {isa = PBXFileReference; lastKnownFileType = sourcecode.swift; path = VersionComparisonTests.swift; sourceTree = "<group>"; };
		FE84811356D534B4D8E86AB8 /* FeedScheduler.swift */ = {isa = PBXFileReference; lastKnownFileType = sourcecode.swift; path = FeedScheduler.swift; sourceTree = "<group>"; };
/* End PBXFileReference section */

/* Begin PBXFrameworksBuildPhase section */
		AA1B2C3D4E5F6789ABCD0007 /* Frameworks */ = {
			isa = PBXFrameworksBuildPhase;
			buildActionMask = 2147483647;
			files = (
			);
			runOnlyForDeploymentPostprocessing = 0;
		};
		85CE620F6FAB25D9E93BB0D9 /* Frameworks */ = {
			isa = PBXFrameworksBuildPhase;
			buildActionMask = 2147483647;
			files = (
				AFA75A68E946CD8E2CAE7BBE /* libAskMacCore.a in Frameworks */,
			);
			runOnlyForDeploymentPostprocessing = 0;
		};
		CF482A61807241FC584888BD /* Frameworks */ = {
			isa = PBXFrameworksBuildPhase;
			buildActionMask = 2147483647;
			files = (
				D867C4A0F3AC8C6C77C16CC6 /* Sparkle in Frameworks */,
			);
			runOnlyForDeploymentPostprocessing = 0;
		};
/* End PBXFrameworksBuildPhase section */

/* Begin PBXGroup section */
		193160741783FAD848251CCB /* AskMac */ = {
			isa = PBXGroup;
			children = (
				E8A9A572F12084AD9797F8B1 /* AppUpdater.swift */,
				F70F6904917CF419EF961332 /* AskMacApp.swift */,
				468C8037AACD02ADA46B757B /* Assets.xcassets */,
				D81549AFECC7BD43F8E9512A /* Models */,
				3724F21C2AA56A99CF07FA84 /* Services */,
				69206E4EE13761C727479A1D /* Settings */,
				A2E07FB35B1F8AB22AB98A99 /* Views */,
			);
			name = AskMac;
			path = Sources/AskMac;
			sourceTree = "<group>";
		};
		3724F21C2AA56A99CF07FA84 /* Services */ = {
			isa = PBXGroup;
			children = (
				83069E78F01A6ACCC68DA445 /* ActionHistoryService.swift */,
				944903959A55B26822A4701D /* BlockService.swift */,
				42EC5BBB34D453B2F332AF00 /* CloudKitService.swift */,
				FE84811356D534B4D8E86AB8 /* FeedScheduler.swift */,
				B65A981DB44C661C02FF9312 /* HeartbeatService.swift */,
				504764CE87B4791BDD3ABFD8 /* KeychainService.swift */,
				AA1B2C3D4E5F6789ABCD0004 /* MacUITestingSupport.swift */,
				0D62BC3ACCF548A6926C83A4 /* MCPConnection.swift */,
				834313B9757B652D0DB8E349 /* MessageWatcherService.swift */,
				4067387D7D1B4F65BAB0B74F /* ResponsePoller.swift */,
				DDBAEE7F7B9B1616758FEDE2 /* ScriptInstaller.swift */,
				CA1CC49C770BDCD1EB75B351 /* ScriptManager.swift */,
				125B8BABE336DAA2EEDBC261 /* ScriptUpdateService.swift */,
				F3012DFF4EC7CA529C10E374 /* SystemScriptConnection.swift */,
			);
			path = Services;
			sourceTree = "<group>";
		};
		68C19D81F1E89782D63E471F /* AskMacTests */ = {
			isa = PBXGroup;
			children = (
				7F0BACCC7986B8E27CD6B9A8 /* ScriptCatalogServiceTests.swift */,
				EAB5EAD55DFF07DA5ECE953A /* ScriptInstallerRollbackTests.swift */,
				3A9E4EFAF553CA1CD22DA58A /* ScriptManagerFilteringTests.swift */,
				3F05D2937205C7D5DED51EEA /* TerminalMonitorServiceTests.swift */,
				FBB97B6BC873D01755AE3B01 /* VersionComparisonTests.swift */,
			);
			name = AskMacTests;
			path = Tests/AskMacTests;
			sourceTree = "<group>";
		};
		69206E4EE13761C727479A1D /* Settings */ = {
			isa = PBXGroup;
			children = (
				CA7C37B37BDE67ED30528117 /* AppSettings.swift */,
			);
			path = Settings;
			sourceTree = "<group>";
		};
		AA1B2C3D4E5F6789ABCD0008 /* AskMacUITests */ = {
			isa = PBXGroup;
			children = (
				AA1B2C3D4E5F6789ABCD0002 /* AskMacUITests.swift */,
			);
			name = AskMacUITests;
			path = Tests/AskMacUITests;
			sourceTree = "<group>";
		};
		7D85D3CDB2B9B6173CFB83F9 = {
			isa = PBXGroup;
			children = (
				193160741783FAD848251CCB /* AskMac */,
				C684A63C98AF3DBF68A15174 /* AskMacCore */,
				68C19D81F1E89782D63E471F /* AskMacTests */,
				AA1B2C3D4E5F6789ABCD0008 /* AskMacUITests */,
				FB0D7985181B5E1A4D8FBDA2 /* Products */,
			);
			sourceTree = "<group>";
		};
		A2E07FB35B1F8AB22AB98A99 /* Views */ = {
			isa = PBXGroup;
			children = (
				406DAAC6415E06CCCF55B8BB /* BlockPreviewViews.swift */,
				78ADB28BB3AA3C89FB164C5F /* BlocksBuilderView.swift */,
				6FBA2522655384EA7091AA8C /* HistoryView.swift */,
				B82E4BC0B8C01489502831A9 /* MacMessagesView.swift */,
				2E4D0C6DDB6891CB03EA9572 /* MenuBarView.swift */,
				28BCC8842C2E63700381890C /* SettingsView.swift */,
				53C1EA5DC0ECBB374F1FCF5B /* TooltipSupport.swift */,
			);
			path = Views;
			sourceTree = "<group>";
		};
		C684A63C98AF3DBF68A15174 /* AskMacCore */ = {
			isa = PBXGroup;
			children = (
				AA000001CATALOG00ENTRY000 /* CatalogEntry.swift */,
				AA000002INSTALLED0SCRIPT0 /* InstalledScript.swift */,
				3D24A318DEBECC653846BFA7 /* ScriptCatalogService.swift */,
				CFD416A6077DEA3848608AB1 /* TerminalMonitorService.swift */,
				3F2A338EFC99F8D874DB40EE /* VersionComparison.swift */,
			);
			name = AskMacCore;
			path = Sources/AskMacCore;
			sourceTree = "<group>";
		};
		D81549AFECC7BD43F8E9512A /* Models */ = {
			isa = PBXGroup;
			children = (
				70A72093BE81EDF980E0B65F /* CloudKitSchema.swift */,
			);
			path = Models;
			sourceTree = "<group>";
		};
		FB0D7985181B5E1A4D8FBDA2 /* Products */ = {
			isa = PBXGroup;
			children = (
				6A9CBCABF50128C52895B960 /* AskMac.app */,
				00C7F95F08E74502C870234D /* AskMacTests.xctest */,
				AA1B2C3D4E5F6789ABCD0001 /* AskMacUITests.xctest */,
				52C75A2FE8B8444D42AF146A /* libAskMacCore.a */,
			);
			name = Products;
			sourceTree = "<group>";
		};
/* End PBXGroup section */

/* Begin PBXNativeTarget section */
		AA1B2C3D4E5F6789ABCD0009 /* AskMacUITests */ = {
			isa = PBXNativeTarget;
			buildConfigurationList = AA1B2C3D4E5F6789ABCD0012 /* Build configuration list for PBXNativeTarget "AskMacUITests" */;
			buildPhases = (
				AA1B2C3D4E5F6789ABCD0006 /* Sources */,
				AA1B2C3D4E5F6789ABCD0007 /* Frameworks */,
			);
			buildRules = (
			);
			dependencies = (
				AA1B2C3D4E5F6789ABCD0014 /* PBXTargetDependency */,
			);
			name = AskMacUITests;
			productName = AskMacUITests;
			productReference = AA1B2C3D4E5F6789ABCD0001 /* AskMacUITests.xctest */;
			productType = "com.apple.product-type.bundle.ui-testing";
		};
		170C9A2D6ECAA9D5B00CB20D /* AskMacTests */ = {
			isa = PBXNativeTarget;
			buildConfigurationList = 68A439BDF7AB7FF4038496B6 /* Build configuration list for PBXNativeTarget "AskMacTests" */;
			buildPhases = (
				464C2CE2637CA99678E445FA /* Sources */,
				85CE620F6FAB25D9E93BB0D9 /* Frameworks */,
			);
			buildRules = (
			);
			dependencies = (
				153BF4E6B2701CCC64C50410 /* PBXTargetDependency */,
				8FE3F6EEFAD0A127276DB749 /* PBXTargetDependency */,
			);
			name = AskMacTests;
			packageProductDependencies = (
			);
			productName = AskMacTests;
			productReference = 00C7F95F08E74502C870234D /* AskMacTests.xctest */;
			productType = "com.apple.product-type.bundle.unit-test";
		};
		B5A9CAFDC0F194D4B590DD08 /* AskMacCore */ = {
			isa = PBXNativeTarget;
			buildConfigurationList = 20A523DC1E4911E57415D38A /* Build configuration list for PBXNativeTarget "AskMacCore" */;
			buildPhases = (
				F5F0B078779ECB58F7737DB3 /* Sources */,
				27BC461DF22D3E1D84C25178 /* Copy Swift Objective-C Interface Header */,
			);
			buildRules = (
			);
			dependencies = (
			);
			name = AskMacCore;
			packageProductDependencies = (
			);
			productName = AskMacCore;
			productReference = 52C75A2FE8B8444D42AF146A /* libAskMacCore.a */;
			productType = "com.apple.product-type.library.static";
		};
		E59CE13E0F81B53C77683FB1 /* AskMac */ = {
			isa = PBXNativeTarget;
			buildConfigurationList = 98519BD578EA34A4705AF3CD /* Build configuration list for PBXNativeTarget "AskMac" */;
			buildPhases = (
				A6C3A430430336E5B5349A2C /* Sources */,
				816CADC09291040E1082085D /* Resources */,
				CF482A61807241FC584888BD /* Frameworks */,
			);
			buildRules = (
			);
			dependencies = (
			);
			name = AskMac;
			packageProductDependencies = (
				C42185CDB89CDF057E91C2A6 /* Sparkle */,
			);
			productName = AskMac;
			productReference = 6A9CBCABF50128C52895B960 /* AskMac.app */;
			productType = "com.apple.product-type.application";
		};
/* End PBXNativeTarget section */

/* Begin PBXProject section */
		B36075E18F257B51F15F8871 /* Project object */ = {
			isa = PBXProject;
			attributes = {
				BuildIndependentTargetsInParallel = YES;
				LastUpgradeCheck = 1600;
				TargetAttributes = {
					170C9A2D6ECAA9D5B00CB20D = {
						DevelopmentTeam = B5J28L8ARB;
					};
					AA1B2C3D4E5F6789ABCD0009 = {
						DevelopmentTeam = B5J28L8ARB;
					};
					B5A9CAFDC0F194D4B590DD08 = {
						DevelopmentTeam = B5J28L8ARB;
					};
					E59CE13E0F81B53C77683FB1 = {
						DevelopmentTeam = B5J28L8ARB;
						ProvisioningStyle = Manual;
					};
				};
			};
			buildConfigurationList = 2FC673845B65FBA091B3B184 /* Build configuration list for PBXProject "AskMac" */;
			developmentRegion = en;
			hasScannedForEncodings = 0;
			knownRegions = (
				Base,
				en,
			);
			mainGroup = 7D85D3CDB2B9B6173CFB83F9;
			minimizedProjectReferenceProxies = 1;
			packageReferences = (
				681E3F885F12DED7EF6D292A /* XCRemoteSwiftPackageReference "Sparkle" */,
			);
			preferredProjectObjectVersion = 77;
			productRefGroup = FB0D7985181B5E1A4D8FBDA2 /* Products */;
			projectDirPath = "";
			projectRoot = "";
			targets = (
				E59CE13E0F81B53C77683FB1 /* AskMac */,
				B5A9CAFDC0F194D4B590DD08 /* AskMacCore */,
				170C9A2D6ECAA9D5B00CB20D /* AskMacTests */,
				AA1B2C3D4E5F6789ABCD0009 /* AskMacUITests */,
			);
		};
/* End PBXProject section */

/* Begin PBXResourcesBuildPhase section */
		816CADC09291040E1082085D /* Resources */ = {
			isa = PBXResourcesBuildPhase;
			buildActionMask = 2147483647;
			files = (
				4FC5952095062C336D1CA67F /* Assets.xcassets in Resources */,
			);
			runOnlyForDeploymentPostprocessing = 0;
		};
/* End PBXResourcesBuildPhase section */

/* Begin PBXShellScriptBuildPhase section */
		27BC461DF22D3E1D84C25178 /* Copy Swift Objective-C Interface Header */ = {
			isa = PBXShellScriptBuildPhase;
			buildActionMask = 2147483647;
			files = (
			);
			inputPaths = (
				"$(DERIVED_SOURCES_DIR)/$(SWIFT_OBJC_INTERFACE_HEADER_NAME)",
			);
			name = "Copy Swift Objective-C Interface Header";
			outputPaths = (
				"$(BUILT_PRODUCTS_DIR)/include/$(PRODUCT_MODULE_NAME)/$(SWIFT_OBJC_INTERFACE_HEADER_NAME)",
			);
			runOnlyForDeploymentPostprocessing = 0;
			shellPath = /bin/sh;
			shellScript = "ditto \"${SCRIPT_INPUT_FILE_0}\" \"${SCRIPT_OUTPUT_FILE_0}\"\n";
		};
/* End PBXShellScriptBuildPhase section */

/* Begin PBXSourcesBuildPhase section */
		AA1B2C3D4E5F6789ABCD0006 /* Sources */ = {
			isa = PBXSourcesBuildPhase;
			buildActionMask = 2147483647;
			files = (
				AA1B2C3D4E5F6789ABCD0003 /* AskMacUITests.swift in Sources */,
			);
			runOnlyForDeploymentPostprocessing = 0;
		};
		464C2CE2637CA99678E445FA /* Sources */ = {
			isa = PBXSourcesBuildPhase;
			buildActionMask = 2147483647;
			files = (
				EFD8390B0162CA00B1B3144E /* ScriptCatalogServiceTests.swift in Sources */,
				F47B199A3425DC6C05AC0480 /* ScriptInstallerRollbackTests.swift in Sources */,
				8FE46F69A0823A2188C24DB4 /* ScriptManagerFilteringTests.swift in Sources */,
				0D696DD556936DCEC1997BEB /* TerminalMonitorServiceTests.swift in Sources */,
				C99AE720C0F4BDEEC032237B /* VersionComparisonTests.swift in Sources */,
			);
			runOnlyForDeploymentPostprocessing = 0;
		};
		A6C3A430430336E5B5349A2C /* Sources */ = {
			isa = PBXSourcesBuildPhase;
			buildActionMask = 2147483647;
			files = (
				5ECA9EF4288A77DE66393903 /* ActionHistoryService.swift in Sources */,
				D0C0EC092421E3FE9F41EB89 /* AppSettings.swift in Sources */,
				CB275270E3CF93DD24F84506 /* AppUpdater.swift in Sources */,
				3654DDECAB92F2C7B7678F90 /* AskMacApp.swift in Sources */,
				58854C8E2F0F81A7D7A40B80 /* BlockPreviewViews.swift in Sources */,
				2A8C999FCCA1DDA22786079F /* BlockService.swift in Sources */,
				F6670C71B1ACAA3861CBE8B5 /* BlocksBuilderView.swift in Sources */,
				C4A094A8937C7FDEF0021ADC /* CloudKitSchema.swift in Sources */,
				B5760E42FDC4626B6A2AD8D9 /* CloudKitService.swift in Sources */,
				68ECD65ACEAFD3360C586C86 /* FeedScheduler.swift in Sources */,
				6FF5F3CD40995F704A970F21 /* HeartbeatService.swift in Sources */,
				6F24BAB0E82A7694C50B439F /* HistoryView.swift in Sources */,
				2DDF70E89F94833C7837389B /* KeychainService.swift in Sources */,
				AA1B2C3D4E5F6789ABCD0005 /* MacUITestingSupport.swift in Sources */,
				0675DD58EE11FCC5FB9C0FE9 /* MCPConnection.swift in Sources */,
				337B871BCC56D6AD61869B87 /* MenuBarView.swift in Sources */,
				44001CADDFE8D87EC9DC698D /* MessageWatcherService.swift in Sources */,
				7A4B52614E8031E1D2E8710F /* ResponsePoller.swift in Sources */,
				CC000006CATALOG00ENTRY000 /* CatalogEntry.swift in Sources */,
				CC000007INSTALLED0SCRIPT0 /* InstalledScript.swift in Sources */,
				CC000008CATALOG0SERVICE00 /* ScriptCatalogService.swift in Sources */,
				CC000009TERMINAL0MONITOR0 /* TerminalMonitorService.swift in Sources */,
				CC000010VERSION0COMPARE00 /* VersionComparison.swift in Sources */,
				DA6EADD0D5A75CED02E56F5C /* ScriptInstaller.swift in Sources */,
				8B9F7C8632ECBE36C84A369E /* ScriptManager.swift in Sources */,
				F4A65B11697EF409F84B5886 /* ScriptUpdateService.swift in Sources */,
				A302F5F593A0983FFEE135A9 /* SettingsView.swift in Sources */,
				C2FCC42025E190C3F0BA4152 /* SystemScriptConnection.swift in Sources */,
				BF0B435F00BDDA9C64E86B06 /* TooltipSupport.swift in Sources */,
			);
			runOnlyForDeploymentPostprocessing = 0;
		};
		F5F0B078779ECB58F7737DB3 /* Sources */ = {
			isa = PBXSourcesBuildPhase;
			buildActionMask = 2147483647;
			files = (
				BB000003CATALOG0ENTRY0000 /* CatalogEntry.swift in Sources */,
				BB000004INSTALLED0SCRIPT0 /* InstalledScript.swift in Sources */,
				BB000001CATALOG0SERVICE00 /* ScriptCatalogService.swift in Sources */,
				BAE4E67E06F337A2A3722087 /* TerminalMonitorService.swift in Sources */,
				BB000002VERSION0COMPARE00 /* VersionComparison.swift in Sources */,
			);
			runOnlyForDeploymentPostprocessing = 0;
		};
/* End PBXSourcesBuildPhase section */

/* Begin PBXTargetDependency section */
		AA1B2C3D4E5F6789ABCD0014 /* PBXTargetDependency */ = {
			isa = PBXTargetDependency;
			target = E59CE13E0F81B53C77683FB1 /* AskMac */;
			targetProxy = AA1B2C3D4E5F6789ABCD0013 /* PBXContainerItemProxy */;
		};
		153BF4E6B2701CCC64C50410 /* PBXTargetDependency */ = {
			isa = PBXTargetDependency;
			target = B5A9CAFDC0F194D4B590DD08 /* AskMacCore */;
			targetProxy = 6FE9BDFCF593445A9D06CA1D /* PBXContainerItemProxy */;
		};
		8FE3F6EEFAD0A127276DB749 /* PBXTargetDependency */ = {
			isa = PBXTargetDependency;
			target = E59CE13E0F81B53C77683FB1 /* AskMac */;
			targetProxy = BF0DBE9DFB9C2320F63C4809 /* PBXContainerItemProxy */;
		};
		F26C336A914F9A57FA1A7195 /* PBXTargetDependency */ = {
			isa = PBXTargetDependency;
			target = B5A9CAFDC0F194D4B590DD08 /* AskMacCore */;
			targetProxy = 2E13F4F6FED24CBC2519CE9C /* PBXContainerItemProxy */;
		};
/* End PBXTargetDependency section */

/* Begin XCBuildConfiguration section */
		27FD6CAFB43AA32BE4EF3EC8 /* Release */ = {
			isa = XCBuildConfiguration;
			buildSettings = {
				COMBINE_HIDPI_IMAGES = YES;
				LD_RUNPATH_SEARCH_PATHS = (
					"$(inherited)",
					"@executable_path/../Frameworks",
				);
				PRODUCT_BUNDLE_IDENTIFIER = com.kevinhill.askmaccore;
				SDKROOT = macosx;
				SKIP_INSTALL = YES;
			};
			name = Release;
		};
		461E3B543D356451CCEBF078 /* Debug */ = {
			isa = XCBuildConfiguration;
			buildSettings = {
				COMBINE_HIDPI_IMAGES = YES;
				LD_RUNPATH_SEARCH_PATHS = (
					"$(inherited)",
					"@executable_path/../Frameworks",
				);
				PRODUCT_BUNDLE_IDENTIFIER = com.kevinhill.askmaccore;
				SDKROOT = macosx;
				SKIP_INSTALL = YES;
			};
			name = Debug;
		};
		592FA27071A764C2716E13E3 /* Release */ = {
			isa = XCBuildConfiguration;
			buildSettings = {
				ALWAYS_SEARCH_USER_PATHS = NO;
				CLANG_ANALYZER_NONNULL = YES;
				CLANG_ANALYZER_NUMBER_OBJECT_CONVERSION = YES_AGGRESSIVE;
				CLANG_CXX_LANGUAGE_STANDARD = "gnu++14";
				CLANG_CXX_LIBRARY = "libc++";
				CLANG_ENABLE_MODULES = YES;
				CLANG_ENABLE_OBJC_ARC = YES;
				CLANG_ENABLE_OBJC_WEAK = YES;
				CLANG_WARN_BLOCK_CAPTURE_AUTORELEASING = YES;
				CLANG_WARN_BOOL_CONVERSION = YES;
				CLANG_WARN_COMMA = YES;
				CLANG_WARN_CONSTANT_CONVERSION = YES;
				CLANG_WARN_DEPRECATED_OBJC_IMPLEMENTATIONS = YES;
				CLANG_WARN_DIRECT_OBJC_ISA_USAGE = YES_ERROR;
				CLANG_WARN_DOCUMENTATION_COMMENTS = YES;
				CLANG_WARN_EMPTY_BODY = YES;
				CLANG_WARN_ENUM_CONVERSION = YES;
				CLANG_WARN_INFINITE_RECURSION = YES;
				CLANG_WARN_INT_CONVERSION = YES;
				CLANG_WARN_NON_LITERAL_NULL_CONVERSION = YES;
				CLANG_WARN_OBJC_IMPLICIT_RETAIN_SELF = YES;
				CLANG_WARN_OBJC_LITERAL_CONVERSION = YES;
				CLANG_WARN_OBJC_ROOT_CLASS = YES_ERROR;
				CLANG_WARN_QUOTED_INCLUDE_IN_FRAMEWORK_HEADER = YES;
				CLANG_WARN_RANGE_LOOP_ANALYSIS = YES;
				CLANG_WARN_STRICT_PROTOTYPES = YES;
				CLANG_WARN_SUSPICIOUS_MOVE = YES;
				CLANG_WARN_UNGUARDED_AVAILABILITY = YES_AGGRESSIVE;
				CLANG_WARN_UNREACHABLE_CODE = YES;
				CLANG_WARN__DUPLICATE_METHOD_MATCH = YES;
				COPY_PHASE_STRIP = NO;
				DEBUG_INFORMATION_FORMAT = "dwarf-with-dsym";
				DEVELOPMENT_TEAM = B5J28L8ARB;
				ENABLE_HARDENED_RUNTIME = YES;
				ENABLE_NS_ASSERTIONS = NO;
				ENABLE_STRICT_OBJC_MSGSEND = YES;
				GCC_C_LANGUAGE_STANDARD = gnu11;
				GCC_NO_COMMON_BLOCKS = YES;
				GCC_WARN_64_TO_32_BIT_CONVERSION = YES;
				GCC_WARN_ABOUT_RETURN_TYPE = YES_ERROR;
				GCC_WARN_UNDECLARED_SELECTOR = YES;
				GCC_WARN_UNINITIALIZED_AUTOS = YES_AGGRESSIVE;
				GCC_WARN_UNUSED_FUNCTION = YES;
				GCC_WARN_UNUSED_VARIABLE = YES;
				MACOSX_DEPLOYMENT_TARGET = 14.0;
				MTL_ENABLE_DEBUG_INFO = NO;
				MTL_FAST_MATH = YES;
				PRODUCT_NAME = "$(TARGET_NAME)";
				SDKROOT = macosx;
				SWIFT_COMPILATION_MODE = wholemodule;
				SWIFT_OPTIMIZATION_LEVEL = "-O";
				SWIFT_VERSION = 5.10;
			};
			name = Release;
		};
		7799AB0228C91D865E0193EB /* Debug */ = {
			isa = XCBuildConfiguration;
			buildSettings = {
				ALWAYS_SEARCH_USER_PATHS = NO;
				CLANG_ANALYZER_NONNULL = YES;
				CLANG_ANALYZER_NUMBER_OBJECT_CONVERSION = YES_AGGRESSIVE;
				CLANG_CXX_LANGUAGE_STANDARD = "gnu++14";
				CLANG_CXX_LIBRARY = "libc++";
				CLANG_ENABLE_MODULES = YES;
				CLANG_ENABLE_OBJC_ARC = YES;
				CLANG_ENABLE_OBJC_WEAK = YES;
				CLANG_WARN_BLOCK_CAPTURE_AUTORELEASING = YES;
				CLANG_WARN_BOOL_CONVERSION = YES;
				CLANG_WARN_COMMA = YES;
				CLANG_WARN_CONSTANT_CONVERSION = YES;
				CLANG_WARN_DEPRECATED_OBJC_IMPLEMENTATIONS = YES;
				CLANG_WARN_DIRECT_OBJC_ISA_USAGE = YES_ERROR;
				CLANG_WARN_DOCUMENTATION_COMMENTS = YES;
				CLANG_WARN_EMPTY_BODY = YES;
				CLANG_WARN_ENUM_CONVERSION = YES;
				CLANG_WARN_INFINITE_RECURSION = YES;
				CLANG_WARN_INT_CONVERSION = YES;
				CLANG_WARN_NON_LITERAL_NULL_CONVERSION = YES;
				CLANG_WARN_OBJC_IMPLICIT_RETAIN_SELF = YES;
				CLANG_WARN_OBJC_LITERAL_CONVERSION = YES;
				CLANG_WARN_OBJC_ROOT_CLASS = YES_ERROR;
				CLANG_WARN_QUOTED_INCLUDE_IN_FRAMEWORK_HEADER = YES;
				CLANG_WARN_RANGE_LOOP_ANALYSIS = YES;
				CLANG_WARN_STRICT_PROTOTYPES = YES;
				CLANG_WARN_SUSPICIOUS_MOVE = YES;
				CLANG_WARN_UNGUARDED_AVAILABILITY = YES_AGGRESSIVE;
				CLANG_WARN_UNREACHABLE_CODE = YES;
				CLANG_WARN__DUPLICATE_METHOD_MATCH = YES;
				COPY_PHASE_STRIP = NO;
				DEBUG_INFORMATION_FORMAT = dwarf;
				DEVELOPMENT_TEAM = B5J28L8ARB;
				ENABLE_HARDENED_RUNTIME = YES;
				ENABLE_STRICT_OBJC_MSGSEND = YES;
				ENABLE_TESTABILITY = YES;
				GCC_C_LANGUAGE_STANDARD = gnu11;
				GCC_DYNAMIC_NO_PIC = NO;
				GCC_NO_COMMON_BLOCKS = YES;
				GCC_OPTIMIZATION_LEVEL = 0;
				GCC_PREPROCESSOR_DEFINITIONS = (
					"$(inherited)",
					"DEBUG=1",
				);
				GCC_WARN_64_TO_32_BIT_CONVERSION = YES;
				GCC_WARN_ABOUT_RETURN_TYPE = YES_ERROR;
				GCC_WARN_UNDECLARED_SELECTOR = YES;
				GCC_WARN_UNINITIALIZED_AUTOS = YES_AGGRESSIVE;
				GCC_WARN_UNUSED_FUNCTION = YES;
				GCC_WARN_UNUSED_VARIABLE = YES;
				MACOSX_DEPLOYMENT_TARGET = 14.0;
				MTL_ENABLE_DEBUG_INFO = INCLUDE_SOURCE;
				MTL_FAST_MATH = YES;
				ONLY_ACTIVE_ARCH = YES;
				PRODUCT_NAME = "$(TARGET_NAME)";
				SDKROOT = macosx;
				SWIFT_ACTIVE_COMPILATION_CONDITIONS = DEBUG;
				SWIFT_OPTIMIZATION_LEVEL = "-Onone";
				SWIFT_VERSION = 5.10;
			};
			name = Debug;
		};
		7EBCADE371D0179A51E7C9D1 /* Release */ = {
			isa = XCBuildConfiguration;
			buildSettings = {
				ASSETCATALOG_COMPILER_APPICON_NAME = AppIcon;
				CLOUDKIT_ENVIRONMENT = PRODUCTION;
				CODE_SIGN_ENTITLEMENTS = Sources/AskMac/AskMac.entitlements;
				CODE_SIGN_IDENTITY = "Developer ID Application: Kevin Hill (B5J28L8ARB)";
				CODE_SIGN_STYLE = Manual;
				COMBINE_HIDPI_IMAGES = YES;
				CURRENT_PROJECT_VERSION = 1;
				INFOPLIST_FILE = Sources/AskMac/Info.plist;
				LD_RUNPATH_SEARCH_PATHS = (
					"$(inherited)",
					"@executable_path/../Frameworks",
				);
				MARKETING_VERSION = 0.8.0;
				OTHER_LDFLAGS = (
					"$(inherited)",
					"-ObjC",
				);
				PRODUCT_BUNDLE_IDENTIFIER = com.kevinhill.askmac;
				PROVISIONING_PROFILE_SPECIFIER = "036fee16-227d-478a-a99e-021fe8ec952d";
				SDKROOT = macosx;
				SWIFT_INCLUDE_PATHS = "$(BUILT_PRODUCTS_DIR)";
			};
			name = Release;
		};
		A6BF5F6F1280BA0CFBAC2BF0 /* Release */ = {
			isa = XCBuildConfiguration;
			buildSettings = {
				BUNDLE_LOADER = "$(TEST_HOST)";
				COMBINE_HIDPI_IMAGES = YES;
				GENERATE_INFOPLIST_FILE = YES;
				LD_RUNPATH_SEARCH_PATHS = (
					"$(inherited)",
					"@executable_path/../Frameworks",
					"@loader_path/../Frameworks",
				);
				OTHER_LDFLAGS = (
					"$(inherited)",
					"-ObjC",
				);
				PRODUCT_BUNDLE_IDENTIFIER = com.kevinhill.AskMacTests;
				SDKROOT = macosx;
				TEST_HOST = "$(BUILT_PRODUCTS_DIR)/AskMac.app/Contents/MacOS/AskMac";
			};
			name = Release;
		};
		DBD8A0F34979F1BBBB8B851B /* Debug */ = {
			isa = XCBuildConfiguration;
			buildSettings = {
				ASSETCATALOG_COMPILER_APPICON_NAME = AppIcon;
				CLOUDKIT_ENVIRONMENT = DEVELOPMENT;
				CODE_SIGN_ENTITLEMENTS = Sources/AskMac/AskMacDev.entitlements;
				CODE_SIGN_IDENTITY = "Developer ID Application: Kevin Hill (B5J28L8ARB)";
				CODE_SIGN_STYLE = Manual;
				COMBINE_HIDPI_IMAGES = YES;
				CURRENT_PROJECT_VERSION = 1;
				INFOPLIST_FILE = Sources/AskMac/Info.plist;
				LD_RUNPATH_SEARCH_PATHS = (
					"$(inherited)",
					"@executable_path/../Frameworks",
				);
				MARKETING_VERSION = 0.8.0;
				OTHER_LDFLAGS = (
					"$(inherited)",
					"-ObjC",
				);
				PRODUCT_BUNDLE_IDENTIFIER = com.kevinhill.askmac;
				PROVISIONING_PROFILE_SPECIFIER = "036fee16-227d-478a-a99e-021fe8ec952d";
				SDKROOT = macosx;
				SWIFT_INCLUDE_PATHS = "$(BUILT_PRODUCTS_DIR)";
			};
			name = Debug;
		};
		FBD3DB60C88E3DA1C0466C03 /* Debug */ = {
			isa = XCBuildConfiguration;
			buildSettings = {
				BUNDLE_LOADER = "$(TEST_HOST)";
				COMBINE_HIDPI_IMAGES = YES;
				GENERATE_INFOPLIST_FILE = YES;
				LD_RUNPATH_SEARCH_PATHS = (
					"$(inherited)",
					"@executable_path/../Frameworks",
					"@loader_path/../Frameworks",
				);
				OTHER_LDFLAGS = (
					"$(inherited)",
					"-ObjC",
				);
				PRODUCT_BUNDLE_IDENTIFIER = com.kevinhill.AskMacTests;
				SDKROOT = macosx;
				TEST_HOST = "$(BUILT_PRODUCTS_DIR)/AskMac.app/Contents/MacOS/AskMac";
			};
			name = Debug;
		};
		AA1B2C3D4E5F6789ABCD0010 /* Debug */ = {
			isa = XCBuildConfiguration;
			buildSettings = {
				COMBINE_HIDPI_IMAGES = YES;
				GENERATE_INFOPLIST_FILE = YES;
				LD_RUNPATH_SEARCH_PATHS = (
					"$(inherited)",
					"@executable_path/../Frameworks",
					"@loader_path/../Frameworks",
				);
				MACOSX_DEPLOYMENT_TARGET = 14.0;
				PRODUCT_BUNDLE_IDENTIFIER = com.kevinhill.AskMacUITests;
				SDKROOT = macosx;
				SWIFT_VERSION = 5.10;
				TEST_TARGET_NAME = AskMac;
			};
			name = Debug;
		};
		AA1B2C3D4E5F6789ABCD0011 /* Release */ = {
			isa = XCBuildConfiguration;
			buildSettings = {
				COMBINE_HIDPI_IMAGES = YES;
				GENERATE_INFOPLIST_FILE = YES;
				LD_RUNPATH_SEARCH_PATHS = (
					"$(inherited)",
					"@executable_path/../Frameworks",
					"@loader_path/../Frameworks",
				);
				MACOSX_DEPLOYMENT_TARGET = 14.0;
				PRODUCT_BUNDLE_IDENTIFIER = com.kevinhill.AskMacUITests;
				SDKROOT = macosx;
				SWIFT_VERSION = 5.10;
				TEST_TARGET_NAME = AskMac;
			};
			name = Release;
		};
/* End XCBuildConfiguration section */

/* Begin XCConfigurationList section */
		20A523DC1E4911E57415D38A /* Build configuration list for PBXNativeTarget "AskMacCore" */ = {
			isa = XCConfigurationList;
			buildConfigurations = (
				461E3B543D356451CCEBF078 /* Debug */,
				27FD6CAFB43AA32BE4EF3EC8 /* Release */,
			);
			defaultConfigurationIsVisible = 0;
			defaultConfigurationName = Debug;
		};
		2FC673845B65FBA091B3B184 /* Build configuration list for PBXProject "AskMac" */ = {
			isa = XCConfigurationList;
			buildConfigurations = (
				7799AB0228C91D865E0193EB /* Debug */,
				592FA27071A764C2716E13E3 /* Release */,
			);
			defaultConfigurationIsVisible = 0;
			defaultConfigurationName = Debug;
		};
		AA1B2C3D4E5F6789ABCD0012 /* Build configuration list for PBXNativeTarget "AskMacUITests" */ = {
			isa = XCConfigurationList;
			buildConfigurations = (
				AA1B2C3D4E5F6789ABCD0010 /* Debug */,
				AA1B2C3D4E5F6789ABCD0011 /* Release */,
			);
			defaultConfigurationIsVisible = 0;
			defaultConfigurationName = Debug;
		};
		68A439BDF7AB7FF4038496B6 /* Build configuration list for PBXNativeTarget "AskMacTests" */ = {
			isa = XCConfigurationList;
			buildConfigurations = (
				FBD3DB60C88E3DA1C0466C03 /* Debug */,
				A6BF5F6F1280BA0CFBAC2BF0 /* Release */,
			);
			defaultConfigurationIsVisible = 0;
			defaultConfigurationName = Debug;
		};
		98519BD578EA34A4705AF3CD /* Build configuration list for PBXNativeTarget "AskMac" */ = {
			isa = XCConfigurationList;
			buildConfigurations = (
				DBD8A0F34979F1BBBB8B851B /* Debug */,
				7EBCADE371D0179A51E7C9D1 /* Release */,
			);
			defaultConfigurationIsVisible = 0;
			defaultConfigurationName = Debug;
		};
/* End XCConfigurationList section */

/* Begin XCRemoteSwiftPackageReference section */
		681E3F885F12DED7EF6D292A /* XCRemoteSwiftPackageReference "Sparkle" */ = {
			isa = XCRemoteSwiftPackageReference;
			repositoryURL = "https://github.com/sparkle-project/Sparkle";
			requirement = {
				kind = upToNextMajorVersion;
				minimumVersion = 2.6.0;
			};
		};
/* End XCRemoteSwiftPackageReference section */

/* Begin XCSwiftPackageProductDependency section */
		C42185CDB89CDF057E91C2A6 /* Sparkle */ = {
			isa = XCSwiftPackageProductDependency;
			package = 681E3F885F12DED7EF6D292A /* XCRemoteSwiftPackageReference "Sparkle" */;
			productName = Sparkle;
		};
/* End XCSwiftPackageProductDependency section */
	};
	rootObject = B36075E18F257B51F15F8871 /* Project object */;
}
